
Microsoft Visual Studio Solution File, Format Version 12.00
# Visual Studio 15
VisualStudioVersion = 15.0.28307.438
MinimumVisualStudioVersion = 10.0.40219.1
Project("{FAE04EC0-301F-11D3-BF4B-00C04F79EFBC}") = "AulaCSharp", "AulaCSharp\AulaCSharp.csproj", "{ECAB3B79-8D76-4F6E-A361-22D89A4BF83B}"
EndProject
Project("{FAE04EC0-301F-11D3-BF4B-00C04F79EFBC}") = "ObjetosTipos", "ObjetosTipos\ObjetosTipos.csproj", "{75BDF35A-6818-47E6-991B-A8F88E07CEE9}"
EndProject
Project("{FAE04EC0-301F-11D3-BF4B-00C04F79EFBC}") = "Aula2", "Aula2\Aula2.csproj", "{A94545C5-F74E-4092-8016-64F814BD0E39}"
EndProject
Project("{FAE04EC0-301F-11D3-BF4B-00C04F79EFBC}") = "Banco", "Banco\Banco.csproj", "{75D804A3-F039-446C-A3A4-53858E357767}"
EndProject
Project("{FAE04EC0-301F-11D3-BF4B-00C04F79EFBC}") = "Conta.Apresentacao", "Conta.Apresentacao\Conta.Apresentacao.csproj", "{173194BC-D4FA-4188-918A-D16E3432B633}"
EndProject
Global
	GlobalSection(SolutionConfigurationPlatforms) = preSolution
		Debug|Any CPU = Debug|Any CPU
		Debug|x86 = Debug|x86
		MeuDebug|Any CPU = MeuDebug|Any CPU
		MeuDebug|x86 = MeuDebug|x86
		Release|Any CPU = Release|Any CPU
		Release|x86 = Release|x86
	EndGlobalSection
	GlobalSection(ProjectConfigurationPlatforms) = postSolution
		{ECAB3B79-8D76-4F6E-A361-22D89A4BF83B}.Debug|Any CPU.ActiveCfg = Debug|Any CPU
		{ECAB3B79-8D76-4F6E-A361-22D89A4BF83B}.Debug|Any CPU.Build.0 = Debug|Any CPU
		{ECAB3B79-8D76-4F6E-A361-22D89A4BF83B}.Debug|x86.ActiveCfg = Debug|Any CPU
		{ECAB3B79-8D76-4F6E-A361-22D89A4BF83B}.Debug|x86.Build.0 = Debug|Any CPU
		{ECAB3B79-8D76-4F6E-A361-22D89A4BF83B}.MeuDebug|Any CPU.ActiveCfg = MeuDebug|Any CPU
		{ECAB3B79-8D76-4F6E-A361-22D89A4BF83B}.MeuDebug|Any CPU.Build.0 = MeuDebug|Any CPU
		{ECAB3B79-8D76-4F6E-A361-22D89A4BF83B}.MeuDebug|x86.ActiveCfg = MeuDebug|Any CPU
		{ECAB3B79-8D76-4F6E-A361-22D89A4BF83B}.MeuDebug|x86.Build.0 = MeuDebug|Any CPU
		{ECAB3B79-8D76-4F6E-A361-22D89A4BF83B}.Release|Any CPU.ActiveCfg = Release|Any CPU
		{ECAB3B79-8D76-4F6E-A361-22D89A4BF83B}.Release|Any CPU.Build.0 = Release|Any CPU
		{ECAB3B79-8D76-4F6E-A361-22D89A4BF83B}.Release|x86.ActiveCfg = Release|Any CPU
		{ECAB3B79-8D76-4F6E-A361-22D89A4BF83B}.Release|x86.Build.0 = Release|Any CPU
		{75BDF35A-6818-47E6-991B-A8F88E07CEE9}.Debug|Any CPU.ActiveCfg = Debug|Any CPU
		{75BDF35A-6818-47E6-991B-A8F88E07CEE9}.Debug|Any CPU.Build.0 = Debug|Any CPU
		{75BDF35A-6818-47E6-991B-A8F88E07CEE9}.Debug|x86.ActiveCfg = Debug|Any CPU
		{75BDF35A-6818-47E6-991B-A8F88E07CEE9}.Debug|x86.Build.0 = Debug|Any CPU
		{75BDF35A-6818-47E6-991B-A8F88E07CEE9}.MeuDebug|Any CPU.ActiveCfg = Debug|Any CPU
		{75BDF35A-6818-47E6-991B-A8F88E07CEE9}.MeuDebug|Any CPU.Build.0 = Debug|Any CPU
		{75BDF35A-6818-47E6-991B-A8F88E07CEE9}.MeuDebug|x86.ActiveCfg = Debug|Any CPU
		{75BDF35A-6818-47E6-991B-A8F88E07CEE9}.MeuDebug|x86.Build.0 = Debug|Any CPU
		{75BDF35A-6818-47E6-991B-A8F88E07CEE9}.Release|Any CPU.ActiveCfg = Release|Any CPU
		{75BDF35A-6818-47E6-991B-A8F88E07CEE9}.Release|Any CPU.Build.0 = Release|Any CPU
		{75BDF35A-6818-47E6-991B-A8F88E07CEE9}.Release|x86.ActiveCfg = Release|Any CPU
		{75BDF35A-6818-47E6-991B-A8F88E07CEE9}.Release|x86.Build.0 = Release|Any CPU
		{A94545C5-F74E-4092-8016-64F814BD0E39}.Debug|Any CPU.ActiveCfg = Debug|Any CPU
		{A94545C5-F74E-4092-8016-64F814BD0E39}.Debug|Any CPU.Build.0 = Debug|Any CPU
		{A94545C5-F74E-4092-8016-64F814BD0E39}.Debug|x86.ActiveCfg = Debug|Any CPU
		{A94545C5-F74E-4092-8016-64F814BD0E39}.Debug|x86.Build.0 = Debug|Any CPU
		{A94545C5-F74E-4092-8016-64F814BD0E39}.MeuDebug|Any CPU.ActiveCfg = Debug|Any CPU
		{A94545C5-F74E-4092-8016-64F814BD0E39}.MeuDebug|Any CPU.Build.0 = Debug|Any CPU
		{A94545C5-F74E-4092-8016-64F814BD0E39}.MeuDebug|x86.ActiveCfg = Debug|Any CPU
		{A94545C5-F74E-4092-8016-64F814BD0E39}.MeuDebug|x86.Build.0 = Debug|Any CPU
		{A94545C5-F74E-4092-8016-64F814BD0E39}.Release|Any CPU.ActiveCfg = Release|Any CPU
		{A94545C5-F74E-4092-8016-64F814BD0E39}.Release|Any CPU.Build.0 = Release|Any CPU
		{A94545C5-F74E-4092-8016-64F814BD0E39}.Release|x86.ActiveCfg = Release|Any CPU
		{A94545C5-F74E-4092-8016-64F814BD0E39}.Release|x86.Build.0 = Release|Any CPU
		{75D804A3-F039-446C-A3A4-53858E357767}.Debug|Any CPU.ActiveCfg = Debug|Any CPU
		{75D804A3-F039-446C-A3A4-53858E357767}.Debug|Any CPU.Build.0 = Debug|Any CPU
		{75D804A3-F039-446C-A3A4-53858E357767}.Debug|x86.ActiveCfg = Debug|Any CPU
		{75D804A3-F039-446C-A3A4-53858E357767}.Debug|x86.Build.0 = Debug|Any CPU
		{75D804A3-F039-446C-A3A4-53858E357767}.MeuDebug|Any CPU.ActiveCfg = Debug|Any CPU
		{75D804A3-F039-446C-A3A4-53858E357767}.MeuDebug|Any CPU.Build.0 = Debug|Any CPU
		{75D804A3-F039-446C-A3A4-53858E357767}.MeuDebug|x86.ActiveCfg = Debug|Any CPU
		{75D804A3-F039-446C-A3A4-53858E357767}.MeuDebug|x86.Build.0 = Debug|Any CPU
		{75D804A3-F039-446C-A3A4-53858E357767}.Release|Any CPU.ActiveCfg = Release|Any CPU
		{75D804A3-F039-446C-A3A4-53858E357767}.Release|Any CPU.Build.0 = Release|Any CPU
		{75D804A3-F039-446C-A3A4-53858E357767}.Release|x86.ActiveCfg = Release|Any CPU
		{75D804A3-F039-446C-A3A4-53858E357767}.Release|x86.Build.0 = Release|Any CPU
		{173194BC-D4FA-4188-918A-D16E3432B633}.Debug|Any CPU.ActiveCfg = Debug|Any CPU
		{173194BC-D4FA-4188-918A-D16E3432B633}.Debug|Any CPU.Build.0 = Debug|Any CPU
		{173194BC-D4FA-4188-918A-D16E3432B633}.Debug|x86.ActiveCfg = Debug|Any CPU
		{173194BC-D4FA-4188-918A-D16E3432B633}.Debug|x86.Build.0 = Debug|Any CPU
		{173194BC-D4FA-4188-918A-D16E3432B633}.MeuDebug|Any CPU.ActiveCfg = Debug|Any CPU
		{173194BC-D4FA-4188-918A-D16E3432B633}.MeuDebug|Any CPU.Build.0 = Debug|Any CPU
		{173194BC-D4FA-4188-918A-D16E3432B633}.MeuDebug|x86.ActiveCfg = Debug|Any CPU
		{173194BC-D4FA-4188-918A-D16E3432B633}.MeuDebug|x86.Build.0 = Debug|Any CPU
		{173194BC-D4FA-4188-918A-D16E3432B633}.Release|Any CPU.ActiveCfg = Release|Any CPU
		{173194BC-D4FA-4188-918A-D16E3432B633}.Release|Any CPU.Build.0 = Release|Any CPU
		{173194BC-D4FA-4188-918A-D16E3432B633}.Release|x86.ActiveCfg = Release|Any CPU
		{173194BC-D4FA-4188-918A-D16E3432B633}.Release|x86.Build.0 = Release|Any CPU
	EndGlobalSection
	GlobalSection(SolutionProperties) = preSolution
		HideSolutionNode = FALSE
	EndGlobalSection
	GlobalSection(ExtensibilityGlobals) = postSolution
		SolutionGuid = {AB742F8C-928A-4192-A10A-6ED5D22D6A20}
	EndGlobalSection
EndGlobal
